
Microsoft Visual Studio Solution File, Format Version 12.00
# Visual Studio Version 17
VisualStudioVersion = 17.2.32616.157
MinimumVisualStudioVersion = 10.0.40219.1
Project("{FAE04EC0-301F-11D3-BF4B-00C04F79EFBC}") = "LessonsCSharp", "LessonsCSharp\LessonsCSharp.csproj", "{363F4B55-60C9-40D2-9ECB-EE4B23D3E0F2}"
EndProject
Global
	GlobalSection(SolutionConfigurationPlatforms) = preSolution
		Debug|Any CPU = Debug|Any CPU
		Release|Any CPU = Release|Any CPU
	EndGlobalSection
	GlobalSection(ProjectConfigurationPlatforms) = postSolution
		{363F4B55-60C9-40D2-9ECB-EE4B23D3E0F2}.Debug|Any CPU.ActiveCfg = Debug|Any CPU
		{363F4B55-60C9-40D2-9ECB-EE4B23D3E0F2}.Debug|Any CPU.Build.0 = Debug|Any CPU
		{363F4B55-60C9-40D2-9ECB-EE4B23D3E0F2}.Release|Any CPU.ActiveCfg = Release|Any CPU
		{363F4B55-60C9-40D2-9ECB-EE4B23D3E0F2}.Release|Any CPU.Build.0 = Release|Any CPU
	EndGlobalSection
	GlobalSection(SolutionProperties) = preSolution
		HideSolutionNode = FALSE
	EndGlobalSection
	GlobalSection(ExtensibilityGlobals) = postSolution
		SolutionGuid = {41CEC656-9E29-418F-8B6C-B32942F70000}
	EndGlobalSection
EndGlobal
